// !$*UTF8*$!
{
	archiveVersion = 1;
	classes = {
	};
	objectVersion = 55;
	objects = {

/* Begin PBXBuildFile section */
		8A8E45362791873900828B7E /* AppDelegate.swift in Sources */ = {isa = PBXBuildFile; fileRef = 8A8E45352791873900828B7E /* AppDelegate.swift */; };
		8A8E45382791873900828B7E /* SceneDelegate.swift in Sources */ = {isa = PBXBuildFile; fileRef = 8A8E45372791873900828B7E /* SceneDelegate.swift */; };
		8A8E453D2791873900828B7E /* Main.storyboard in Resources */ = {isa = PBXBuildFile; fileRef = 8A8E453B2791873900828B7E /* Main.storyboard */; };
		8A8E45402791873900828B7E /* Assistant_manager_v1_0.xcdatamodeld in Sources */ = {isa = PBXBuildFile; fileRef = 8A8E453E2791873900828B7E /* Assistant_manager_v1_0.xcdatamodeld */; };
		8A8E45422791873B00828B7E /* Assets.xcassets in Resources */ = {isa = PBXBuildFile; fileRef = 8A8E45412791873B00828B7E /* Assets.xcassets */; };
		8A8E45452791873B00828B7E /* LaunchScreen.storyboard in Resources */ = {isa = PBXBuildFile; fileRef = 8A8E45432791873B00828B7E /* LaunchScreen.storyboard */; };
		8A8E455027918AA400828B7E /* FirebaseAnalytics in Frameworks */ = {isa = PBXBuildFile; productRef = 8A8E454F27918AA400828B7E /* FirebaseAnalytics */; };
		8A8E455227918AA400828B7E /* FirebaseAuth in Frameworks */ = {isa = PBXBuildFile; productRef = 8A8E455127918AA400828B7E /* FirebaseAuth */; };
		8A8E455427918AA400828B7E /* FirebaseDatabase in Frameworks */ = {isa = PBXBuildFile; productRef = 8A8E455327918AA400828B7E /* FirebaseDatabase */; };
		8A8E455627918AA400828B7E /* FirebaseFirestore in Frameworks */ = {isa = PBXBuildFile; productRef = 8A8E455527918AA400828B7E /* FirebaseFirestore */; };
		8A8E455827918AA400828B7E /* FirebaseFunctions in Frameworks */ = {isa = PBXBuildFile; productRef = 8A8E455727918AA400828B7E /* FirebaseFunctions */; };
		8A8E455A27918AA400828B7E /* FirebaseInstallations in Frameworks */ = {isa = PBXBuildFile; productRef = 8A8E455927918AA400828B7E /* FirebaseInstallations */; };
		8A8E455C27918AA400828B7E /* FirebaseMessaging in Frameworks */ = {isa = PBXBuildFile; productRef = 8A8E455B27918AA400828B7E /* FirebaseMessaging */; };
		8A8E455E27918AA400828B7E /* FirebaseStorage in Frameworks */ = {isa = PBXBuildFile; productRef = 8A8E455D27918AA400828B7E /* FirebaseStorage */; };
		8A8E456027918E2F00828B7E /* GoogleService-Info.plist in Resources */ = {isa = PBXBuildFile; fileRef = 8A8E455F27918E2F00828B7E /* GoogleService-Info.plist */; };
		8A8E4563279190E100828B7E /* User.swift in Sources */ = {isa = PBXBuildFile; fileRef = 8A8E4562279190E100828B7E /* User.swift */; };
		8A8E45652791911600828B7E /* Client.swift in Sources */ = {isa = PBXBuildFile; fileRef = 8A8E45642791911600828B7E /* Client.swift */; };
		8A8E45672791913D00828B7E /* Price.swift in Sources */ = {isa = PBXBuildFile; fileRef = 8A8E45662791913C00828B7E /* Price.swift */; };
		8A8E456B2791916800828B7E /* CustomerRecord.swift in Sources */ = {isa = PBXBuildFile; fileRef = 8A8E456A2791916800828B7E /* CustomerRecord.swift */; };
		8A8E456D2791923600828B7E /* Team.swift in Sources */ = {isa = PBXBuildFile; fileRef = 8A8E456C2791923600828B7E /* Team.swift */; };
		8A8E456F2791927F00828B7E /* TransactionUser.swift in Sources */ = {isa = PBXBuildFile; fileRef = 8A8E456E2791927F00828B7E /* TransactionUser.swift */; };
		8A8E45712791936500828B7E /* Costs.swift in Sources */ = {isa = PBXBuildFile; fileRef = 8A8E45702791936500828B7E /* Costs.swift */; };
		8A8E45732791AFE700828B7E /* Reminder.swift in Sources */ = {isa = PBXBuildFile; fileRef = 8A8E45722791AFE700828B7E /* Reminder.swift */; };
		8A8E45852791E20D00828B7E /* LoadImageExtension.swift in Sources */ = {isa = PBXBuildFile; fileRef = 8A8E45842791E20D00828B7E /* LoadImageExtension.swift */; };
		8A8E45872791E22A00828B7E /* FirestoreExtension.swift in Sources */ = {isa = PBXBuildFile; fileRef = 8A8E45862791E22A00828B7E /* FirestoreExtension.swift */; };
		8A8E458B2791E54800828B7E /* LoginControler.swift in Sources */ = {isa = PBXBuildFile; fileRef = 8A8E458A2791E54800828B7E /* LoginControler.swift */; };
		8A8E458D2791E5B300828B7E /* ButtonExtension.swift in Sources */ = {isa = PBXBuildFile; fileRef = 8A8E458C2791E5B300828B7E /* ButtonExtension.swift */; };
		8A8E458F2791E5F500828B7E /* SetupTextFieldExtension.swift in Sources */ = {isa = PBXBuildFile; fileRef = 8A8E458E2791E5F500828B7E /* SetupTextFieldExtension.swift */; };
		8A8E45912791E6FA00828B7E /* ColorExtension.swift in Sources */ = {isa = PBXBuildFile; fileRef = 8A8E45902791E6FA00828B7E /* ColorExtension.swift */; };
		8A8E45932791E77500828B7E /* AnchoredConstraintsExtension.swift in Sources */ = {isa = PBXBuildFile; fileRef = 8A8E45922791E77500828B7E /* AnchoredConstraintsExtension.swift */; };
		8A8E45952791E8B000828B7E /* LoginPresenter.swift in Sources */ = {isa = PBXBuildFile; fileRef = 8A8E45942791E8B000828B7E /* LoginPresenter.swift */; };
		8A8E45992791F01E00828B7E /* RegistrationController.swift in Sources */ = {isa = PBXBuildFile; fileRef = 8A8E45982791F01E00828B7E /* RegistrationController.swift */; };
		8A927E5F27C14DC200737A8E /* APiRegistration.swift in Sources */ = {isa = PBXBuildFile; fileRef = 8A927E5E27C14DC200737A8E /* APiRegistration.swift */; };
		8A927E6127C1604300737A8E /* ExpensesPresenter.swift in Sources */ = {isa = PBXBuildFile; fileRef = 8A927E6027C1604300737A8E /* ExpensesPresenter.swift */; };
		8AA3510B2799E9F100C52F39 /* SketchBorderView.swift in Sources */ = {isa = PBXBuildFile; fileRef = 8AA3510A2799E9F100C52F39 /* SketchBorderView.swift */; };
		8AA756AD27BD208D00E89C4E /* APILogin.swift in Sources */ = {isa = PBXBuildFile; fileRef = 8AA756AC27BD208D00E89C4E /* APILogin.swift */; };
		8AA756AF27BD3DB400E89C4E /* Rouetr.swift in Sources */ = {isa = PBXBuildFile; fileRef = 8AA756AE27BD3DB400E89C4E /* Rouetr.swift */; };
		8AA756B427BD892100E89C4E /* PresenterMainTabVC.swift in Sources */ = {isa = PBXBuildFile; fileRef = 8AA756B327BD892100E89C4E /* PresenterMainTabVC.swift */; };
		8AAF98B02793494E007315DE /* Builder.swift in Sources */ = {isa = PBXBuildFile; fileRef = 8AAF98AF2793494E007315DE /* Builder.swift */; };
		8AAF98B227938713007315DE /* MainViewControler.swift in Sources */ = {isa = PBXBuildFile; fileRef = 8AAF98B127938713007315DE /* MainViewControler.swift */; };
		8AAF98B42796C1ED007315DE /* RegistrationPresenter.swift in Sources */ = {isa = PBXBuildFile; fileRef = 8AAF98B32796C1ED007315DE /* RegistrationPresenter.swift */; };
		8AAF98B927974642007315DE /* ScreensaverViewController.swift in Sources */ = {isa = PBXBuildFile; fileRef = 8AAF98B827974642007315DE /* ScreensaverViewController.swift */; };
		8AAF98BB27974673007315DE /* ScreensaverPresenter.swift in Sources */ = {isa = PBXBuildFile; fileRef = 8AAF98BA27974673007315DE /* ScreensaverPresenter.swift */; };
		8AAF98BF279770A7007315DE /* MainTabVC.swift in Sources */ = {isa = PBXBuildFile; fileRef = 8AAF98BE279770A7007315DE /* MainTabVC.swift */; };
		8AAF98CD279774D4007315DE /* CalendarViewController.swift in Sources */ = {isa = PBXBuildFile; fileRef = 8AAF98CC279774D4007315DE /* CalendarViewController.swift */; };
		8AAF98CF2797750D007315DE /* ExpensesViewController.swift in Sources */ = {isa = PBXBuildFile; fileRef = 8AAF98CE2797750D007315DE /* ExpensesViewController.swift */; };
		8AAF98D127977578007315DE /* StatistikViewController.swift in Sources */ = {isa = PBXBuildFile; fileRef = 8AAF98D027977578007315DE /* StatistikViewController.swift */; };
		8AAF98D32797759B007315DE /* StartWorckViewController.swift in Sources */ = {isa = PBXBuildFile; fileRef = 8AAF98D22797759B007315DE /* StartWorckViewController.swift */; };
		8ACD2DE427999A03009539BD /* CustomUIimageView.swift in Sources */ = {isa = PBXBuildFile; fileRef = 8ACD2DE327999A03009539BD /* CustomUIimageView.swift */; };
		8AD0C5FA2798062F00BE414A /* UserProfileHeaderCell.swift in Sources */ = {isa = PBXBuildFile; fileRef = 8AD0C5F92798062F00BE414A /* UserProfileHeaderCell.swift */; };
		8AD0C5FD279806CF00BE414A /* SearchBarCalendarModuleCell.swift in Sources */ = {isa = PBXBuildFile; fileRef = 8AD0C5FC279806CF00BE414A /* SearchBarCalendarModuleCell.swift */; };
		8AD0C6002798072D00BE414A /* SliderReminderClientsCell.swift in Sources */ = {isa = PBXBuildFile; fileRef = 8AD0C5FF2798072D00BE414A /* SliderReminderClientsCell.swift */; };
		8AD0C6032798078100BE414A /* CalendarForDayCell.swift in Sources */ = {isa = PBXBuildFile; fileRef = 8AD0C6022798078100BE414A /* CalendarForDayCell.swift */; };
		8AD0C606279807D300BE414A /* EmptyCalendarCell.swift in Sources */ = {isa = PBXBuildFile; fileRef = 8AD0C605279807D300BE414A /* EmptyCalendarCell.swift */; };
		8AE749B427A534DB00EE8C0A /* CalendarPresenter.swift in Sources */ = {isa = PBXBuildFile; fileRef = 8AE749B327A534DB00EE8C0A /* CalendarPresenter.swift */; };
		8AFFA1B427C1933D0045E3D6 /* StartWorckPresenter.swift in Sources */ = {isa = PBXBuildFile; fileRef = 8AFFA1B327C1933D0045E3D6 /* StartWorckPresenter.swift */; };
		8AFFA1B627C194AF0045E3D6 /* StatistikPresenter.swift in Sources */ = {isa = PBXBuildFile; fileRef = 8AFFA1B527C194AF0045E3D6 /* StatistikPresenter.swift */; };
		8AFFA1B927C1A39A0045E3D6 /* APIUserData.swift in Sources */ = {isa = PBXBuildFile; fileRef = 8AFFA1B827C1A39A0045E3D6 /* APIUserData.swift */; };
/* End PBXBuildFile section */

/* Begin PBXFileReference section */
		8A8E45322791873900828B7E /* Assistant-manager v1.0.app */ = {isa = PBXFileReference; explicitFileType = wrapper.application; includeInIndex = 0; path = "Assistant-manager v1.0.app"; sourceTree = BUILT_PRODUCTS_DIR; };
		8A8E45352791873900828B7E /* AppDelegate.swift */ = {isa = PBXFileReference; lastKnownFileType = sourcecode.swift; path = AppDelegate.swift; sourceTree = "<group>"; };
		8A8E45372791873900828B7E /* SceneDelegate.swift */ = {isa = PBXFileReference; lastKnownFileType = sourcecode.swift; path = SceneDelegate.swift; sourceTree = "<group>"; };
		8A8E453C2791873900828B7E /* Base */ = {isa = PBXFileReference; lastKnownFileType = file.storyboard; name = Base; path = Base.lproj/Main.storyboard; sourceTree = "<group>"; };
		8A8E453F2791873900828B7E /* Assistant_manager_v1_0.xcdatamodel */ = {isa = PBXFileReference; lastKnownFileType = wrapper.xcdatamodel; path = Assistant_manager_v1_0.xcdatamodel; sourceTree = "<group>"; };
		8A8E45412791873B00828B7E /* Assets.xcassets */ = {isa = PBXFileReference; lastKnownFileType = folder.assetcatalog; path = Assets.xcassets; sourceTree = "<group>"; };
		8A8E45442791873B00828B7E /* Base */ = {isa = PBXFileReference; lastKnownFileType = file.storyboard; name = Base; path = Base.lproj/LaunchScreen.storyboard; sourceTree = "<group>"; };
		8A8E45462791873B00828B7E /* Info.plist */ = {isa = PBXFileReference; lastKnownFileType = text.plist.xml; path = Info.plist; sourceTree = "<group>"; };
		8A8E455F27918E2F00828B7E /* GoogleService-Info.plist */ = {isa = PBXFileReference; fileEncoding = 4; lastKnownFileType = text.plist.xml; path = "GoogleService-Info.plist"; sourceTree = "<group>"; };
		8A8E4562279190E100828B7E /* User.swift */ = {isa = PBXFileReference; fileEncoding = 4; lastKnownFileType = sourcecode.swift; path = User.swift; sourceTree = "<group>"; };
		8A8E45642791911600828B7E /* Client.swift */ = {isa = PBXFileReference; fileEncoding = 4; lastKnownFileType = sourcecode.swift; path = Client.swift; sourceTree = "<group>"; };
		8A8E45662791913C00828B7E /* Price.swift */ = {isa = PBXFileReference; fileEncoding = 4; lastKnownFileType = sourcecode.swift; path = Price.swift; sourceTree = "<group>"; };
		8A8E456A2791916800828B7E /* CustomerRecord.swift */ = {isa = PBXFileReference; fileEncoding = 4; lastKnownFileType = sourcecode.swift; path = CustomerRecord.swift; sourceTree = "<group>"; };
		8A8E456C2791923600828B7E /* Team.swift */ = {isa = PBXFileReference; fileEncoding = 4; lastKnownFileType = sourcecode.swift; path = Team.swift; sourceTree = "<group>"; };
		8A8E456E2791927F00828B7E /* TransactionUser.swift */ = {isa = PBXFileReference; fileEncoding = 4; lastKnownFileType = sourcecode.swift; path = TransactionUser.swift; sourceTree = "<group>"; };
		8A8E45702791936500828B7E /* Costs.swift */ = {isa = PBXFileReference; fileEncoding = 4; lastKnownFileType = sourcecode.swift; path = Costs.swift; sourceTree = "<group>"; };
		8A8E45722791AFE700828B7E /* Reminder.swift */ = {isa = PBXFileReference; lastKnownFileType = sourcecode.swift; path = Reminder.swift; sourceTree = "<group>"; };
		8A8E45842791E20D00828B7E /* LoadImageExtension.swift */ = {isa = PBXFileReference; lastKnownFileType = sourcecode.swift; path = LoadImageExtension.swift; sourceTree = "<group>"; };
		8A8E45862791E22A00828B7E /* FirestoreExtension.swift */ = {isa = PBXFileReference; lastKnownFileType = sourcecode.swift; path = FirestoreExtension.swift; sourceTree = "<group>"; };
		8A8E458A2791E54800828B7E /* LoginControler.swift */ = {isa = PBXFileReference; lastKnownFileType = sourcecode.swift; path = LoginControler.swift; sourceTree = "<group>"; };
		8A8E458C2791E5B300828B7E /* ButtonExtension.swift */ = {isa = PBXFileReference; lastKnownFileType = sourcecode.swift; path = ButtonExtension.swift; sourceTree = "<group>"; };
		8A8E458E2791E5F500828B7E /* SetupTextFieldExtension.swift */ = {isa = PBXFileReference; lastKnownFileType = sourcecode.swift; path = SetupTextFieldExtension.swift; sourceTree = "<group>"; };
		8A8E45902791E6FA00828B7E /* ColorExtension.swift */ = {isa = PBXFileReference; lastKnownFileType = sourcecode.swift; path = ColorExtension.swift; sourceTree = "<group>"; };
		8A8E45922791E77500828B7E /* AnchoredConstraintsExtension.swift */ = {isa = PBXFileReference; lastKnownFileType = sourcecode.swift; path = AnchoredConstraintsExtension.swift; sourceTree = "<group>"; };
		8A8E45942791E8B000828B7E /* LoginPresenter.swift */ = {isa = PBXFileReference; lastKnownFileType = sourcecode.swift; path = LoginPresenter.swift; sourceTree = "<group>"; };
		8A8E45982791F01E00828B7E /* RegistrationController.swift */ = {isa = PBXFileReference; lastKnownFileType = sourcecode.swift; path = RegistrationController.swift; sourceTree = "<group>"; };
		8A927E5E27C14DC200737A8E /* APiRegistration.swift */ = {isa = PBXFileReference; lastKnownFileType = sourcecode.swift; path = APiRegistration.swift; sourceTree = "<group>"; };
		8A927E6027C1604300737A8E /* ExpensesPresenter.swift */ = {isa = PBXFileReference; lastKnownFileType = sourcecode.swift; path = ExpensesPresenter.swift; sourceTree = "<group>"; };
		8AA3510A2799E9F100C52F39 /* SketchBorderView.swift */ = {isa = PBXFileReference; lastKnownFileType = sourcecode.swift; path = SketchBorderView.swift; sourceTree = "<group>"; };
		8AA756AC27BD208D00E89C4E /* APILogin.swift */ = {isa = PBXFileReference; lastKnownFileType = sourcecode.swift; path = APILogin.swift; sourceTree = "<group>"; };
		8AA756AE27BD3DB400E89C4E /* Rouetr.swift */ = {isa = PBXFileReference; lastKnownFileType = sourcecode.swift; path = Rouetr.swift; sourceTree = "<group>"; };
		8AA756B327BD892100E89C4E /* PresenterMainTabVC.swift */ = {isa = PBXFileReference; lastKnownFileType = sourcecode.swift; path = PresenterMainTabVC.swift; sourceTree = "<group>"; };
		8AAF98AF2793494E007315DE /* Builder.swift */ = {isa = PBXFileReference; lastKnownFileType = sourcecode.swift; path = Builder.swift; sourceTree = "<group>"; };
		8AAF98B127938713007315DE /* MainViewControler.swift */ = {isa = PBXFileReference; lastKnownFileType = sourcecode.swift; path = MainViewControler.swift; sourceTree = "<group>"; };
		8AAF98B32796C1ED007315DE /* RegistrationPresenter.swift */ = {isa = PBXFileReference; lastKnownFileType = sourcecode.swift; path = RegistrationPresenter.swift; sourceTree = "<group>"; };
		8AAF98B827974642007315DE /* ScreensaverViewController.swift */ = {isa = PBXFileReference; lastKnownFileType = sourcecode.swift; path = ScreensaverViewController.swift; sourceTree = "<group>"; };
		8AAF98BA27974673007315DE /* ScreensaverPresenter.swift */ = {isa = PBXFileReference; lastKnownFileType = sourcecode.swift; path = ScreensaverPresenter.swift; sourceTree = "<group>"; };
		8AAF98BE279770A7007315DE /* MainTabVC.swift */ = {isa = PBXFileReference; lastKnownFileType = sourcecode.swift; path = MainTabVC.swift; sourceTree = "<group>"; };
		8AAF98CC279774D4007315DE /* CalendarViewController.swift */ = {isa = PBXFileReference; lastKnownFileType = sourcecode.swift; path = CalendarViewController.swift; sourceTree = "<group>"; };
		8AAF98CE2797750D007315DE /* ExpensesViewController.swift */ = {isa = PBXFileReference; lastKnownFileType = sourcecode.swift; path = ExpensesViewController.swift; sourceTree = "<group>"; };
		8AAF98D027977578007315DE /* StatistikViewController.swift */ = {isa = PBXFileReference; lastKnownFileType = sourcecode.swift; path = StatistikViewController.swift; sourceTree = "<group>"; };
		8AAF98D22797759B007315DE /* StartWorckViewController.swift */ = {isa = PBXFileReference; lastKnownFileType = sourcecode.swift; path = StartWorckViewController.swift; sourceTree = "<group>"; };
		8ACD2DE327999A03009539BD /* CustomUIimageView.swift */ = {isa = PBXFileReference; lastKnownFileType = sourcecode.swift; path = CustomUIimageView.swift; sourceTree = "<group>"; };
		8AD0C5F92798062F00BE414A /* UserProfileHeaderCell.swift */ = {isa = PBXFileReference; lastKnownFileType = sourcecode.swift; path = UserProfileHeaderCell.swift; sourceTree = "<group>"; };
		8AD0C5FC279806CF00BE414A /* SearchBarCalendarModuleCell.swift */ = {isa = PBXFileReference; lastKnownFileType = sourcecode.swift; path = SearchBarCalendarModuleCell.swift; sourceTree = "<group>"; };
		8AD0C5FF2798072D00BE414A /* SliderReminderClientsCell.swift */ = {isa = PBXFileReference; lastKnownFileType = sourcecode.swift; path = SliderReminderClientsCell.swift; sourceTree = "<group>"; };
		8AD0C6022798078100BE414A /* CalendarForDayCell.swift */ = {isa = PBXFileReference; lastKnownFileType = sourcecode.swift; path = CalendarForDayCell.swift; sourceTree = "<group>"; };
		8AD0C605279807D300BE414A /* EmptyCalendarCell.swift */ = {isa = PBXFileReference; lastKnownFileType = sourcecode.swift; path = EmptyCalendarCell.swift; sourceTree = "<group>"; };
		8AE749B327A534DB00EE8C0A /* CalendarPresenter.swift */ = {isa = PBXFileReference; lastKnownFileType = sourcecode.swift; path = CalendarPresenter.swift; sourceTree = "<group>"; };
		8AFFA1B327C1933D0045E3D6 /* StartWorckPresenter.swift */ = {isa = PBXFileReference; lastKnownFileType = sourcecode.swift; path = StartWorckPresenter.swift; sourceTree = "<group>"; };
		8AFFA1B527C194AF0045E3D6 /* StatistikPresenter.swift */ = {isa = PBXFileReference; lastKnownFileType = sourcecode.swift; path = StatistikPresenter.swift; sourceTree = "<group>"; };
		8AFFA1B827C1A39A0045E3D6 /* APIUserData.swift */ = {isa = PBXFileReference; lastKnownFileType = sourcecode.swift; path = APIUserData.swift; sourceTree = "<group>"; };
/* End PBXFileReference section */

/* Begin PBXFrameworksBuildPhase section */
		8A8E452F2791873900828B7E /* Frameworks */ = {
			isa = PBXFrameworksBuildPhase;
			buildActionMask = 2147483647;
			files = (
				8A8E455427918AA400828B7E /* FirebaseDatabase in Frameworks */,
				8A8E455627918AA400828B7E /* FirebaseFirestore in Frameworks */,
				8A8E455C27918AA400828B7E /* FirebaseMessaging in Frameworks */,
				8A8E455827918AA400828B7E /* FirebaseFunctions in Frameworks */,
				8A8E455A27918AA400828B7E /* FirebaseInstallations in Frameworks */,
				8A8E455E27918AA400828B7E /* FirebaseStorage in Frameworks */,
				8A8E455027918AA400828B7E /* FirebaseAnalytics in Frameworks */,
				8A8E455227918AA400828B7E /* FirebaseAuth in Frameworks */,
			);
			runOnlyForDeploymentPostprocessing = 0;
		};
/* End PBXFrameworksBuildPhase section */

/* Begin PBXGroup section */
		8A8E45292791873900828B7E = {
			isa = PBXGroup;
			children = (
				8A8E45342791873900828B7E /* Assistant-manager v1.0 */,
				8A8E45332791873900828B7E /* Products */,
			);
			sourceTree = "<group>";
		};
		8A8E45332791873900828B7E /* Products */ = {
			isa = PBXGroup;
			children = (
				8A8E45322791873900828B7E /* Assistant-manager v1.0.app */,
			);
			name = Products;
			sourceTree = "<group>";
		};
		8A8E45342791873900828B7E /* Assistant-manager v1.0 */ = {
			isa = PBXGroup;
			children = (
				8AA756AE27BD3DB400E89C4E /* Rouetr.swift */,
				8AA756A827BD1F1200E89C4E /* Builder */,
				8AAF98AA279336A0007315DE /* LoginModule */,
				8AAF98AB279336CF007315DE /* RegistrationModule */,
				8AAF98B7279745C9007315DE /* ScreensaverModule */,
				8AA756B027BD868900E89C4E /* MainTabVCModel */,
				8AAF98D4279775E9007315DE /* CalendarModule */,
				8AAF98C3279773C2007315DE /* ExpensesModule */,
				8AAF98C127977391007315DE /* StartWorckModule */,
				8AAF98C2279773B2007315DE /* StatistikModule */,
				8A8E456127918F4C00828B7E /* Model */,
				8A8E45832791E19300828B7E /* GlobalExtension */,
				8AAF98B127938713007315DE /* MainViewControler.swift */,
				8A8E45352791873900828B7E /* AppDelegate.swift */,
				8A8E45372791873900828B7E /* SceneDelegate.swift */,
				8A8E453B2791873900828B7E /* Main.storyboard */,
				8A8E45412791873B00828B7E /* Assets.xcassets */,
				8A8E45432791873B00828B7E /* LaunchScreen.storyboard */,
				8A8E45462791873B00828B7E /* Info.plist */,
				8A8E455F27918E2F00828B7E /* GoogleService-Info.plist */,
				8A8E453E2791873900828B7E /* Assistant_manager_v1_0.xcdatamodeld */,
			);
			path = "Assistant-manager v1.0";
			sourceTree = "<group>";
		};
		8A8E456127918F4C00828B7E /* Model */ = {
			isa = PBXGroup;
			children = (
				8A8E4562279190E100828B7E /* User.swift */,
				8A8E45642791911600828B7E /* Client.swift */,
				8A8E456C2791923600828B7E /* Team.swift */,
				8A8E45662791913C00828B7E /* Price.swift */,
				8A8E456A2791916800828B7E /* CustomerRecord.swift */,
				8A8E456E2791927F00828B7E /* TransactionUser.swift */,
				8A8E45702791936500828B7E /* Costs.swift */,
				8A8E45722791AFE700828B7E /* Reminder.swift */,
			);
			path = Model;
			sourceTree = "<group>";
		};
		8A8E45822791E13D00828B7E /* Presenter */ = {
			isa = PBXGroup;
			children = (
				8A8E45942791E8B000828B7E /* LoginPresenter.swift */,
			);
			path = Presenter;
			sourceTree = "<group>";
		};
		8A8E45832791E19300828B7E /* GlobalExtension */ = {
			isa = PBXGroup;
			children = (
				8A8E45842791E20D00828B7E /* LoadImageExtension.swift */,
				8A8E45862791E22A00828B7E /* FirestoreExtension.swift */,
				8A8E458C2791E5B300828B7E /* ButtonExtension.swift */,
				8A8E458E2791E5F500828B7E /* SetupTextFieldExtension.swift */,
				8A8E45902791E6FA00828B7E /* ColorExtension.swift */,
				8A8E45922791E77500828B7E /* AnchoredConstraintsExtension.swift */,
				8ACD2DE327999A03009539BD /* CustomUIimageView.swift */,
				8AA3510A2799E9F100C52F39 /* SketchBorderView.swift */,
			);
			path = GlobalExtension;
			sourceTree = "<group>";
		};
		8A8E45892791E31700828B7E /* View */ = {
			isa = PBXGroup;
			children = (
				8A8E458A2791E54800828B7E /* LoginControler.swift */,
			);
			path = View;
			sourceTree = "<group>";
		};
		8A927E5D27C14D9500737A8E /* APiRegistration */ = {
			isa = PBXGroup;
			children = (
				8A927E5E27C14DC200737A8E /* APiRegistration.swift */,
			);
			path = APiRegistration;
			sourceTree = "<group>";
		};
		8AA756A827BD1F1200E89C4E /* Builder */ = {
			isa = PBXGroup;
			children = (
				8AAF98AF2793494E007315DE /* Builder.swift */,
			);
			path = Builder;
			sourceTree = "<group>";
		};
		8AA756A927BD1F8200E89C4E /* APILogin */ = {
			isa = PBXGroup;
			children = (
				8AA756AC27BD208D00E89C4E /* APILogin.swift */,
			);
			path = APILogin;
			sourceTree = "<group>";
		};
		8AA756B027BD868900E89C4E /* MainTabVCModel */ = {
			isa = PBXGroup;
			children = (
				8AA756B127BD86BD00E89C4E /* View */,
				8AA756B227BD86DA00E89C4E /* Presenter */,
			);
			path = MainTabVCModel;
			sourceTree = "<group>";
		};
		8AA756B127BD86BD00E89C4E /* View */ = {
			isa = PBXGroup;
			children = (
				8AAF98BE279770A7007315DE /* MainTabVC.swift */,
			);
			path = View;
			sourceTree = "<group>";
		};
		8AA756B227BD86DA00E89C4E /* Presenter */ = {
			isa = PBXGroup;
			children = (
				8AA756B327BD892100E89C4E /* PresenterMainTabVC.swift */,
			);
			path = Presenter;
			sourceTree = "<group>";
		};
		8AAF98AA279336A0007315DE /* LoginModule */ = {
			isa = PBXGroup;
			children = (
				8AA756A927BD1F8200E89C4E /* APILogin */,
				8A8E45892791E31700828B7E /* View */,
				8A8E45822791E13D00828B7E /* Presenter */,
			);
			path = LoginModule;
			sourceTree = "<group>";
		};
		8AAF98AB279336CF007315DE /* RegistrationModule */ = {
			isa = PBXGroup;
			children = (
				8A927E5D27C14D9500737A8E /* APiRegistration */,
				8AAF98AC27933736007315DE /* View */,
				8AAF98AD27933742007315DE /* Presenter */,
			);
			path = RegistrationModule;
			sourceTree = "<group>";
		};
		8AAF98AC27933736007315DE /* View */ = {
			isa = PBXGroup;
			children = (
				8A8E45982791F01E00828B7E /* RegistrationController.swift */,
			);
			path = View;
			sourceTree = "<group>";
		};
		8AAF98AD27933742007315DE /* Presenter */ = {
			isa = PBXGroup;
			children = (
				8AAF98B32796C1ED007315DE /* RegistrationPresenter.swift */,
			);
			path = Presenter;
			sourceTree = "<group>";
		};
		8AAF98B7279745C9007315DE /* ScreensaverModule */ = {
			isa = PBXGroup;
			children = (
				8AAF98BC27974680007315DE /* View */,
				8AAF98BD2797468D007315DE /* Presenter */,
			);
			path = ScreensaverModule;
			sourceTree = "<group>";
		};
		8AAF98BC27974680007315DE /* View */ = {
			isa = PBXGroup;
			children = (
				8AAF98B827974642007315DE /* ScreensaverViewController.swift */,
			);
			path = View;
			sourceTree = "<group>";
		};
		8AAF98BD2797468D007315DE /* Presenter */ = {
			isa = PBXGroup;
			children = (
				8AAF98BA27974673007315DE /* ScreensaverPresenter.swift */,
			);
			path = Presenter;
			sourceTree = "<group>";
		};
		8AAF98C02797736E007315DE /* CalendarModule */ = {
			isa = PBXGroup;
			children = (
				8AD0C5F7279805BE00BE414A /* Cell */,
				8AAF98C42797740F007315DE /* View */,
			);
			path = CalendarModule;
			sourceTree = "<group>";
		};
		8AAF98C127977391007315DE /* StartWorckModule */ = {
			isa = PBXGroup;
			children = (
				8AAF98C62797742A007315DE /* View */,
				8AAF98CA2797745E007315DE /* Presenter */,
			);
			path = StartWorckModule;
			sourceTree = "<group>";
		};
		8AAF98C2279773B2007315DE /* StatistikModule */ = {
			isa = PBXGroup;
			children = (
				8AAF98C727977430007315DE /* View */,
				8AAF98CB2797746A007315DE /* Presenter */,
			);
			path = StatistikModule;
			sourceTree = "<group>";
		};
		8AAF98C3279773C2007315DE /* ExpensesModule */ = {
			isa = PBXGroup;
			children = (
				8AAF98C527977425007315DE /* View */,
				8AAF98C927977457007315DE /* Presenter */,
			);
			path = ExpensesModule;
			sourceTree = "<group>";
		};
		8AAF98C42797740F007315DE /* View */ = {
			isa = PBXGroup;
			children = (
				8AAF98CC279774D4007315DE /* CalendarViewController.swift */,
			);
			path = View;
			sourceTree = "<group>";
		};
		8AAF98C527977425007315DE /* View */ = {
			isa = PBXGroup;
			children = (
				8AAF98CE2797750D007315DE /* ExpensesViewController.swift */,
			);
			path = View;
			sourceTree = "<group>";
		};
		8AAF98C62797742A007315DE /* View */ = {
			isa = PBXGroup;
			children = (
				8AAF98D22797759B007315DE /* StartWorckViewController.swift */,
			);
			path = View;
			sourceTree = "<group>";
		};
		8AAF98C727977430007315DE /* View */ = {
			isa = PBXGroup;
			children = (
				8AAF98D027977578007315DE /* StatistikViewController.swift */,
			);
			path = View;
			sourceTree = "<group>";
		};
		8AAF98C82797743F007315DE /* Presenter */ = {
			isa = PBXGroup;
			children = (
				8AE749B327A534DB00EE8C0A /* CalendarPresenter.swift */,
			);
			path = Presenter;
			sourceTree = "<group>";
		};
		8AAF98C927977457007315DE /* Presenter */ = {
			isa = PBXGroup;
			children = (
				8A927E6027C1604300737A8E /* ExpensesPresenter.swift */,
			);
			path = Presenter;
			sourceTree = "<group>";
		};
		8AAF98CA2797745E007315DE /* Presenter */ = {
			isa = PBXGroup;
			children = (
				8AFFA1B327C1933D0045E3D6 /* StartWorckPresenter.swift */,
			);
			path = Presenter;
			sourceTree = "<group>";
		};
		8AAF98CB2797746A007315DE /* Presenter */ = {
			isa = PBXGroup;
			children = (
				8AFFA1B527C194AF0045E3D6 /* StatistikPresenter.swift */,
			);
			path = Presenter;
			sourceTree = "<group>";
		};
		8AAF98D4279775E9007315DE /* CalendarModule */ = {
			isa = PBXGroup;
			children = (
				8AFFA1B727C1A3770045E3D6 /* APIUserData */,
				8AAF98C82797743F007315DE /* Presenter */,
				8AAF98C02797736E007315DE /* CalendarModule */,
			);
			path = CalendarModule;
			sourceTree = "<group>";
		};
		8AD0C5F7279805BE00BE414A /* Cell */ = {
			isa = PBXGroup;
			children = (
				8AD0C5F8279805DD00BE414A /* HeaderModule */,
				8AD0C5FE279806DB00BE414A /* SliderReminderClientsModule */,
				8AD0C5FB2798063B00BE414A /* SearchBarModule */,
				8AD0C6012798073F00BE414A /* CalendarForDayModule */,
				8AD0C6042798079900BE414A /* EmptyCalendarCell */,
			);
			path = Cell;
			sourceTree = "<group>";
		};
		8AD0C5F8279805DD00BE414A /* HeaderModule */ = {
			isa = PBXGroup;
			children = (
				8AD0C5F92798062F00BE414A /* UserProfileHeaderCell.swift */,
			);
			path = HeaderModule;
			sourceTree = "<group>";
		};
		8AD0C5FB2798063B00BE414A /* SearchBarModule */ = {
			isa = PBXGroup;
			children = (
				8AD0C5FC279806CF00BE414A /* SearchBarCalendarModuleCell.swift */,
			);
			path = SearchBarModule;
			sourceTree = "<group>";
		};
		8AD0C5FE279806DB00BE414A /* SliderReminderClientsModule */ = {
			isa = PBXGroup;
			children = (
				8AD0C5FF2798072D00BE414A /* SliderReminderClientsCell.swift */,
			);
			path = SliderReminderClientsModule;
			sourceTree = "<group>";
		};
		8AD0C6012798073F00BE414A /* CalendarForDayModule */ = {
			isa = PBXGroup;
			children = (
				8AD0C6022798078100BE414A /* CalendarForDayCell.swift */,
			);
			path = CalendarForDayModule;
			sourceTree = "<group>";
		};
		8AD0C6042798079900BE414A /* EmptyCalendarCell */ = {
			isa = PBXGroup;
			children = (
				8AD0C605279807D300BE414A /* EmptyCalendarCell.swift */,
			);
			path = EmptyCalendarCell;
			sourceTree = "<group>";
		};
		8AFFA1B727C1A3770045E3D6 /* APIUserData */ = {
			isa = PBXGroup;
			children = (
				8AFFA1B827C1A39A0045E3D6 /* APIUserData.swift */,
			);
			path = APIUserData;
			sourceTree = "<group>";
		};
/* End PBXGroup section */

/* Begin PBXNativeTarget section */
		8A8E45312791873900828B7E /* Assistant-manager v1.0 */ = {
			isa = PBXNativeTarget;
			buildConfigurationList = 8A8E45492791873B00828B7E /* Build configuration list for PBXNativeTarget "Assistant-manager v1.0" */;
			buildPhases = (
				8A8E452E2791873900828B7E /* Sources */,
				8A8E452F2791873900828B7E /* Frameworks */,
				8A8E45302791873900828B7E /* Resources */,
			);
			buildRules = (
			);
			dependencies = (
			);
			name = "Assistant-manager v1.0";
			packageProductDependencies = (
				8A8E454F27918AA400828B7E /* FirebaseAnalytics */,
				8A8E455127918AA400828B7E /* FirebaseAuth */,
				8A8E455327918AA400828B7E /* FirebaseDatabase */,
				8A8E455527918AA400828B7E /* FirebaseFirestore */,
				8A8E455727918AA400828B7E /* FirebaseFunctions */,
				8A8E455927918AA400828B7E /* FirebaseInstallations */,
				8A8E455B27918AA400828B7E /* FirebaseMessaging */,
				8A8E455D27918AA400828B7E /* FirebaseStorage */,
			);
			productName = "Assistant-manager v1.0";
			productReference = 8A8E45322791873900828B7E /* Assistant-manager v1.0.app */;
			productType = "com.apple.product-type.application";
		};
/* End PBXNativeTarget section */

/* Begin PBXProject section */
		8A8E452A2791873900828B7E /* Project object */ = {
			isa = PBXProject;
			attributes = {
				BuildIndependentTargetsInParallel = 1;
				LastSwiftUpdateCheck = 1310;
				LastUpgradeCheck = 1310;
				TargetAttributes = {
					8A8E45312791873900828B7E = {
						CreatedOnToolsVersion = 13.1;
					};
				};
			};
			buildConfigurationList = 8A8E452D2791873900828B7E /* Build configuration list for PBXProject "Assistant-manager v1.0" */;
			compatibilityVersion = "Xcode 13.0";
			developmentRegion = en;
			hasScannedForEncodings = 0;
			knownRegions = (
				en,
				Base,
			);
			mainGroup = 8A8E45292791873900828B7E;
			packageReferences = (
				8A8E454E27918AA400828B7E /* XCRemoteSwiftPackageReference "firebase-ios-sdk" */,
			);
			productRefGroup = 8A8E45332791873900828B7E /* Products */;
			projectDirPath = "";
			projectRoot = "";
			targets = (
				8A8E45312791873900828B7E /* Assistant-manager v1.0 */,
			);
		};
/* End PBXProject section */

/* Begin PBXResourcesBuildPhase section */
		8A8E45302791873900828B7E /* Resources */ = {
			isa = PBXResourcesBuildPhase;
			buildActionMask = 2147483647;
			files = (
				8A8E45452791873B00828B7E /* LaunchScreen.storyboard in Resources */,
				8A8E456027918E2F00828B7E /* GoogleService-Info.plist in Resources */,
				8A8E45422791873B00828B7E /* Assets.xcassets in Resources */,
				8A8E453D2791873900828B7E /* Main.storyboard in Resources */,
			);
			runOnlyForDeploymentPostprocessing = 0;
		};
/* End PBXResourcesBuildPhase section */

/* Begin PBXSourcesBuildPhase section */
		8A8E452E2791873900828B7E /* Sources */ = {
			isa = PBXSourcesBuildPhase;
			buildActionMask = 2147483647;
			files = (
				8AA756AD27BD208D00E89C4E /* APILogin.swift in Sources */,
				8A8E456D2791923600828B7E /* Team.swift in Sources */,
				8AAF98CF2797750D007315DE /* ExpensesViewController.swift in Sources */,
				8AFFA1B627C194AF0045E3D6 /* StatistikPresenter.swift in Sources */,
				8AAF98B42796C1ED007315DE /* RegistrationPresenter.swift in Sources */,
				8AAF98B927974642007315DE /* ScreensaverViewController.swift in Sources */,
				8AD0C6002798072D00BE414A /* SliderReminderClientsCell.swift in Sources */,
				8A8E45872791E22A00828B7E /* FirestoreExtension.swift in Sources */,
				8A8E456B2791916800828B7E /* CustomerRecord.swift in Sources */,
				8AAF98D32797759B007315DE /* StartWorckViewController.swift in Sources */,
				8AAF98B02793494E007315DE /* Builder.swift in Sources */,
				8A8E45912791E6FA00828B7E /* ColorExtension.swift in Sources */,
				8A927E5F27C14DC200737A8E /* APiRegistration.swift in Sources */,
				8AFFA1B427C1933D0045E3D6 /* StartWorckPresenter.swift in Sources */,
				8A8E45952791E8B000828B7E /* LoginPresenter.swift in Sources */,
				8A8E45852791E20D00828B7E /* LoadImageExtension.swift in Sources */,
				8A8E45992791F01E00828B7E /* RegistrationController.swift in Sources */,
				8A8E45712791936500828B7E /* Costs.swift in Sources */,
				8A8E45732791AFE700828B7E /* Reminder.swift in Sources */,
				8A8E458F2791E5F500828B7E /* SetupTextFieldExtension.swift in Sources */,
				8AE749B427A534DB00EE8C0A /* CalendarPresenter.swift in Sources */,
				8AFFA1B927C1A39A0045E3D6 /* APIUserData.swift in Sources */,
				8A927E6127C1604300737A8E /* ExpensesPresenter.swift in Sources */,
				8AD0C6032798078100BE414A /* CalendarForDayCell.swift in Sources */,
				8ACD2DE427999A03009539BD /* CustomUIimageView.swift in Sources */,
				8A8E45402791873900828B7E /* Assistant_manager_v1_0.xcdatamodeld in Sources */,
				8AD0C5FA2798062F00BE414A /* UserProfileHeaderCell.swift in Sources */,
				8A8E45672791913D00828B7E /* Price.swift in Sources */,
				8AAF98D127977578007315DE /* StatistikViewController.swift in Sources */,
				8A8E45932791E77500828B7E /* AnchoredConstraintsExtension.swift in Sources */,
				8AAF98B227938713007315DE /* MainViewControler.swift in Sources */,
				8AA756AF27BD3DB400E89C4E /* Rouetr.swift in Sources */,
				8AD0C5FD279806CF00BE414A /* SearchBarCalendarModuleCell.swift in Sources */,
				8AA756B427BD892100E89C4E /* PresenterMainTabVC.swift in Sources */,
				8AA3510B2799E9F100C52F39 /* SketchBorderView.swift in Sources */,
				8AAF98BB27974673007315DE /* ScreensaverPresenter.swift in Sources */,
				8A8E458B2791E54800828B7E /* LoginControler.swift in Sources */,
				8A8E458D2791E5B300828B7E /* ButtonExtension.swift in Sources */,
				8A8E45652791911600828B7E /* Client.swift in Sources */,
				8A8E45362791873900828B7E /* AppDelegate.swift in Sources */,
				8A8E4563279190E100828B7E /* User.swift in Sources */,
				8AAF98BF279770A7007315DE /* MainTabVC.swift in Sources */,
				8AAF98CD279774D4007315DE /* CalendarViewController.swift in Sources */,
				8A8E45382791873900828B7E /* SceneDelegate.swift in Sources */,
				8A8E456F2791927F00828B7E /* TransactionUser.swift in Sources */,
				8AD0C606279807D300BE414A /* EmptyCalendarCell.swift in Sources */,
			);
			runOnlyForDeploymentPostprocessing = 0;
		};
/* End PBXSourcesBuildPhase section */

/* Begin PBXVariantGroup section */
		8A8E453B2791873900828B7E /* Main.storyboard */ = {
			isa = PBXVariantGroup;
			children = (
				8A8E453C2791873900828B7E /* Base */,
			);
			name = Main.storyboard;
			sourceTree = "<group>";
		};
		8A8E45432791873B00828B7E /* LaunchScreen.storyboard */ = {
			isa = PBXVariantGroup;
			children = (
				8A8E45442791873B00828B7E /* Base */,
			);
			name = LaunchScreen.storyboard;
			sourceTree = "<group>";
		};
/* End PBXVariantGroup section */

/* Begin XCBuildConfiguration section */
		8A8E45472791873B00828B7E /* Debug */ = {
			isa = XCBuildConfiguration;
			buildSettings = {
				ALWAYS_SEARCH_USER_PATHS = NO;
				CLANG_ANALYZER_NONNULL = YES;
				CLANG_ANALYZER_NUMBER_OBJECT_CONVERSION = YES_AGGRESSIVE;
				CLANG_CXX_LANGUAGE_STANDARD = "gnu++17";
				CLANG_CXX_LIBRARY = "libc++";
				CLANG_ENABLE_MODULES = YES;
				CLANG_ENABLE_OBJC_ARC = YES;
				CLANG_ENABLE_OBJC_WEAK = YES;
				CLANG_WARN_BLOCK_CAPTURE_AUTORELEASING = YES;
				CLANG_WARN_BOOL_CONVERSION = YES;
				CLANG_WARN_COMMA = YES;
				CLANG_WARN_CONSTANT_CONVERSION = YES;
				CLANG_WARN_DEPRECATED_OBJC_IMPLEMENTATIONS = YES;
				CLANG_WARN_DIRECT_OBJC_ISA_USAGE = YES_ERROR;
				CLANG_WARN_DOCUMENTATION_COMMENTS = YES;
				CLANG_WARN_EMPTY_BODY = YES;
				CLANG_WARN_ENUM_CONVERSION = YES;
				CLANG_WARN_INFINITE_RECURSION = YES;
				CLANG_WARN_INT_CONVERSION = YES;
				CLANG_WARN_NON_LITERAL_NULL_CONVERSION = YES;
				CLANG_WARN_OBJC_IMPLICIT_RETAIN_SELF = YES;
				CLANG_WARN_OBJC_LITERAL_CONVERSION = YES;
				CLANG_WARN_OBJC_ROOT_CLASS = YES_ERROR;
				CLANG_WARN_QUOTED_INCLUDE_IN_FRAMEWORK_HEADER = YES;
				CLANG_WARN_RANGE_LOOP_ANALYSIS = YES;
				CLANG_WARN_STRICT_PROTOTYPES = YES;
				CLANG_WARN_SUSPICIOUS_MOVE = YES;
				CLANG_WARN_UNGUARDED_AVAILABILITY = YES_AGGRESSIVE;
				CLANG_WARN_UNREACHABLE_CODE = YES;
				CLANG_WARN__DUPLICATE_METHOD_MATCH = YES;
				COPY_PHASE_STRIP = NO;
				DEBUG_INFORMATION_FORMAT = dwarf;
				ENABLE_STRICT_OBJC_MSGSEND = YES;
				ENABLE_TESTABILITY = YES;
				GCC_C_LANGUAGE_STANDARD = gnu11;
				GCC_DYNAMIC_NO_PIC = NO;
				GCC_NO_COMMON_BLOCKS = YES;
				GCC_OPTIMIZATION_LEVEL = 0;
				GCC_PREPROCESSOR_DEFINITIONS = (
					"DEBUG=1",
					"$(inherited)",
				);
				GCC_WARN_64_TO_32_BIT_CONVERSION = YES;
				GCC_WARN_ABOUT_RETURN_TYPE = YES_ERROR;
				GCC_WARN_UNDECLARED_SELECTOR = YES;
				GCC_WARN_UNINITIALIZED_AUTOS = YES_AGGRESSIVE;
				GCC_WARN_UNUSED_FUNCTION = YES;
				GCC_WARN_UNUSED_VARIABLE = YES;
				IPHONEOS_DEPLOYMENT_TARGET = 15.0;
				MTL_ENABLE_DEBUG_INFO = INCLUDE_SOURCE;
				MTL_FAST_MATH = YES;
				ONLY_ACTIVE_ARCH = YES;
				SDKROOT = iphoneos;
				SWIFT_ACTIVE_COMPILATION_CONDITIONS = DEBUG;
				SWIFT_OPTIMIZATION_LEVEL = "-Onone";
			};
			name = Debug;
		};
		8A8E45482791873B00828B7E /* Release */ = {
			isa = XCBuildConfiguration;
			buildSettings = {
				ALWAYS_SEARCH_USER_PATHS = NO;
				CLANG_ANALYZER_NONNULL = YES;
				CLANG_ANALYZER_NUMBER_OBJECT_CONVERSION = YES_AGGRESSIVE;
				CLANG_CXX_LANGUAGE_STANDARD = "gnu++17";
				CLANG_CXX_LIBRARY = "libc++";
				CLANG_ENABLE_MODULES = YES;
				CLANG_ENABLE_OBJC_ARC = YES;
				CLANG_ENABLE_OBJC_WEAK = YES;
				CLANG_WARN_BLOCK_CAPTURE_AUTORELEASING = YES;
				CLANG_WARN_BOOL_CONVERSION = YES;
				CLANG_WARN_COMMA = YES;
				CLANG_WARN_CONSTANT_CONVERSION = YES;
				CLANG_WARN_DEPRECATED_OBJC_IMPLEMENTATIONS = YES;
				CLANG_WARN_DIRECT_OBJC_ISA_USAGE = YES_ERROR;
				CLANG_WARN_DOCUMENTATION_COMMENTS = YES;
				CLANG_WARN_EMPTY_BODY = YES;
				CLANG_WARN_ENUM_CONVERSION = YES;
				CLANG_WARN_INFINITE_RECURSION = YES;
				CLANG_WARN_INT_CONVERSION = YES;
				CLANG_WARN_NON_LITERAL_NULL_CONVERSION = YES;
				CLANG_WARN_OBJC_IMPLICIT_RETAIN_SELF = YES;
				CLANG_WARN_OBJC_LITERAL_CONVERSION = YES;
				CLANG_WARN_OBJC_ROOT_CLASS = YES_ERROR;
				CLANG_WARN_QUOTED_INCLUDE_IN_FRAMEWORK_HEADER = YES;
				CLANG_WARN_RANGE_LOOP_ANALYSIS = YES;
				CLANG_WARN_STRICT_PROTOTYPES = YES;
				CLANG_WARN_SUSPICIOUS_MOVE = YES;
				CLANG_WARN_UNGUARDED_AVAILABILITY = YES_AGGRESSIVE;
				CLANG_WARN_UNREACHABLE_CODE = YES;
				CLANG_WARN__DUPLICATE_METHOD_MATCH = YES;
				COPY_PHASE_STRIP = NO;
				DEBUG_INFORMATION_FORMAT = "dwarf-with-dsym";
				ENABLE_NS_ASSERTIONS = NO;
				ENABLE_STRICT_OBJC_MSGSEND = YES;
				GCC_C_LANGUAGE_STANDARD = gnu11;
				GCC_NO_COMMON_BLOCKS = YES;
				GCC_WARN_64_TO_32_BIT_CONVERSION = YES;
				GCC_WARN_ABOUT_RETURN_TYPE = YES_ERROR;
				GCC_WARN_UNDECLARED_SELECTOR = YES;
				GCC_WARN_UNINITIALIZED_AUTOS = YES_AGGRESSIVE;
				GCC_WARN_UNUSED_FUNCTION = YES;
				GCC_WARN_UNUSED_VARIABLE = YES;
				IPHONEOS_DEPLOYMENT_TARGET = 15.0;
				MTL_ENABLE_DEBUG_INFO = NO;
				MTL_FAST_MATH = YES;
				SDKROOT = iphoneos;
				SWIFT_COMPILATION_MODE = wholemodule;
				SWIFT_OPTIMIZATION_LEVEL = "-O";
				VALIDATE_PRODUCT = YES;
			};
			name = Release;
		};
		8A8E454A2791873B00828B7E /* Debug */ = {
			isa = XCBuildConfiguration;
			buildSettings = {
				ASSETCATALOG_COMPILER_APPICON_NAME = AppIcon;
				ASSETCATALOG_COMPILER_GLOBAL_ACCENT_COLOR_NAME = AccentColor;
				CODE_SIGN_STYLE = Automatic;
				CURRENT_PROJECT_VERSION = 1;
				DEVELOPMENT_TEAM = J8HRCHW3ZN;
				GENERATE_INFOPLIST_FILE = YES;
				INFOPLIST_FILE = "Assistant-manager v1.0/Info.plist";
				INFOPLIST_KEY_UIApplicationSupportsIndirectInputEvents = YES;
				INFOPLIST_KEY_UILaunchStoryboardName = LaunchScreen;
				INFOPLIST_KEY_UIMainStoryboardFile = Main;
				INFOPLIST_KEY_UISupportedInterfaceOrientations_iPad = "UIInterfaceOrientationPortrait UIInterfaceOrientationPortraitUpsideDown UIInterfaceOrientationLandscapeLeft UIInterfaceOrientationLandscapeRight";
				INFOPLIST_KEY_UISupportedInterfaceOrientations_iPhone = "UIInterfaceOrientationPortrait UIInterfaceOrientationLandscapeLeft UIInterfaceOrientationLandscapeRight";
				LD_RUNPATH_SEARCH_PATHS = (
					"$(inherited)",
					"@executable_path/Frameworks",
				);
				MARKETING_VERSION = 1.0;
				PRODUCT_BUNDLE_IDENTIFIER = "Assistant-manager-v1.0";
				PRODUCT_NAME = "$(TARGET_NAME)";
				SWIFT_EMIT_LOC_STRINGS = YES;
				SWIFT_VERSION = 5.0;
				TARGETED_DEVICE_FAMILY = "1,2";
			};
			name = Debug;
		};
		8A8E454B2791873B00828B7E /* Release */ = {
			isa = XCBuildConfiguration;
			buildSettings = {
				ASSETCATALOG_COMPILER_APPICON_NAME = AppIcon;
				ASSETCATALOG_COMPILER_GLOBAL_ACCENT_COLOR_NAME = AccentColor;
				CODE_SIGN_STYLE = Automatic;
				CURRENT_PROJECT_VERSION = 1;
				DEVELOPMENT_TEAM = J8HRCHW3ZN;
				GENERATE_INFOPLIST_FILE = YES;
				INFOPLIST_FILE = "Assistant-manager v1.0/Info.plist";
				INFOPLIST_KEY_UIApplicationSupportsIndirectInputEvents = YES;
				INFOPLIST_KEY_UILaunchStoryboardName = LaunchScreen;
				INFOPLIST_KEY_UIMainStoryboardFile = Main;
				INFOPLIST_KEY_UISupportedInterfaceOrientations_iPad = "UIInterfaceOrientationPortrait UIInterfaceOrientationPortraitUpsideDown UIInterfaceOrientationLandscapeLeft UIInterfaceOrientationLandscapeRight";
				INFOPLIST_KEY_UISupportedInterfaceOrientations_iPhone = "UIInterfaceOrientationPortrait UIInterfaceOrientationLandscapeLeft UIInterfaceOrientationLandscapeRight";
				LD_RUNPATH_SEARCH_PATHS = (
					"$(inherited)",
					"@executable_path/Frameworks",
				);
				MARKETING_VERSION = 1.0;
				PRODUCT_BUNDLE_IDENTIFIER = "Assistant-manager-v1.0";
				PRODUCT_NAME = "$(TARGET_NAME)";
				SWIFT_EMIT_LOC_STRINGS = YES;
				SWIFT_VERSION = 5.0;
				TARGETED_DEVICE_FAMILY = "1,2";
			};
			name = Release;
		};
/* End XCBuildConfiguration section */

/* Begin XCConfigurationList section */
		8A8E452D2791873900828B7E /* Build configuration list for PBXProject "Assistant-manager v1.0" */ = {
			isa = XCConfigurationList;
			buildConfigurations = (
				8A8E45472791873B00828B7E /* Debug */,
				8A8E45482791873B00828B7E /* Release */,
			);
			defaultConfigurationIsVisible = 0;
			defaultConfigurationName = Release;
		};
		8A8E45492791873B00828B7E /* Build configuration list for PBXNativeTarget "Assistant-manager v1.0" */ = {
			isa = XCConfigurationList;
			buildConfigurations = (
				8A8E454A2791873B00828B7E /* Debug */,
				8A8E454B2791873B00828B7E /* Release */,
			);
			defaultConfigurationIsVisible = 0;
			defaultConfigurationName = Release;
		};
/* End XCConfigurationList section */

/* Begin XCRemoteSwiftPackageReference section */
		8A8E454E27918AA400828B7E /* XCRemoteSwiftPackageReference "firebase-ios-sdk" */ = {
			isa = XCRemoteSwiftPackageReference;
			repositoryURL = "https://github.com/firebase/firebase-ios-sdk";
			requirement = {
				kind = upToNextMajorVersion;
				minimumVersion = 8.0.0;
			};
		};
/* End XCRemoteSwiftPackageReference section */

/* Begin XCSwiftPackageProductDependency section */
		8A8E454F27918AA400828B7E /* FirebaseAnalytics */ = {
			isa = XCSwiftPackageProductDependency;
			package = 8A8E454E27918AA400828B7E /* XCRemoteSwiftPackageReference "firebase-ios-sdk" */;
			productName = FirebaseAnalytics;
		};
		8A8E455127918AA400828B7E /* FirebaseAuth */ = {
			isa = XCSwiftPackageProductDependency;
			package = 8A8E454E27918AA400828B7E /* XCRemoteSwiftPackageReference "firebase-ios-sdk" */;
			productName = FirebaseAuth;
		};
		8A8E455327918AA400828B7E /* FirebaseDatabase */ = {
			isa = XCSwiftPackageProductDependency;
			package = 8A8E454E27918AA400828B7E /* XCRemoteSwiftPackageReference "firebase-ios-sdk" */;
			productName = FirebaseDatabase;
		};
		8A8E455527918AA400828B7E /* FirebaseFirestore */ = {
			isa = XCSwiftPackageProductDependency;
			package = 8A8E454E27918AA400828B7E /* XCRemoteSwiftPackageReference "firebase-ios-sdk" */;
			productName = FirebaseFirestore;
		};
		8A8E455727918AA400828B7E /* FirebaseFunctions */ = {
			isa = XCSwiftPackageProductDependency;
			package = 8A8E454E27918AA400828B7E /* XCRemoteSwiftPackageReference "firebase-ios-sdk" */;
			productName = FirebaseFunctions;
		};
		8A8E455927918AA400828B7E /* FirebaseInstallations */ = {
			isa = XCSwiftPackageProductDependency;
			package = 8A8E454E27918AA400828B7E /* XCRemoteSwiftPackageReference "firebase-ios-sdk" */;
			productName = FirebaseInstallations;
		};
		8A8E455B27918AA400828B7E /* FirebaseMessaging */ = {
			isa = XCSwiftPackageProductDependency;
			package = 8A8E454E27918AA400828B7E /* XCRemoteSwiftPackageReference "firebase-ios-sdk" */;
			productName = FirebaseMessaging;
		};
		8A8E455D27918AA400828B7E /* FirebaseStorage */ = {
			isa = XCSwiftPackageProductDependency;
			package = 8A8E454E27918AA400828B7E /* XCRemoteSwiftPackageReference "firebase-ios-sdk" */;
			productName = FirebaseStorage;
		};
/* End XCSwiftPackageProductDependency section */

/* Begin XCVersionGroup section */
		8A8E453E2791873900828B7E /* Assistant_manager_v1_0.xcdatamodeld */ = {
			isa = XCVersionGroup;
			children = (
				8A8E453F2791873900828B7E /* Assistant_manager_v1_0.xcdatamodel */,
			);
			currentVersion = 8A8E453F2791873900828B7E /* Assistant_manager_v1_0.xcdatamodel */;
			path = Assistant_manager_v1_0.xcdatamodeld;
			sourceTree = "<group>";
			versionGroupType = wrapper.xcdatamodel;
		};
/* End XCVersionGroup section */
	};
	rootObject = 8A8E452A2791873900828B7E /* Project object */;
}
